
Microsoft Visual Studio Solution File, Format Version 12.00
# Visual Studio Version 16
VisualStudioVersion = 16.0.28917.181
MinimumVisualStudioVersion = 10.0.40219.1
Project("{FAE04EC0-301F-11D3-BF4B-00C04F79EFBC}") = "SONEPAR.PORTALADMINISTRADOR.WEB", "SONEPAR.PORTALADMINISTRADOR.WEB\SONEPAR.PORTALADMINISTRADOR.WEB.csproj", "{09B38E53-F581-43AB-A415-17AE720814E5}"
EndProject
Project("{FAE04EC0-301F-11D3-BF4B-00C04F79EFBC}") = "SONEPAR.PORTALADMINISTRADOR.WEB.MODEL", "SONEPAR.PORTALADMINISTRADOR.WEB.MODEL\SONEPAR.PORTALADMINISTRADOR.WEB.MODEL.csproj", "{7625219E-48B1-4C83-B215-19FE95577F7D}"
EndProject
Project("{FAE04EC0-301F-11D3-BF4B-00C04F79EFBC}") = "SONEPAR.PORTALADMINISTRADOR.WEB.DATAACCESS", "SONEPAR.PORTALADMINISTRADOR.WEB.DATAACCESS\SONEPAR.PORTALADMINISTRADOR.WEB.DATAACCESS.csproj", "{E0DB3BD3-E166-49C0-98C9-FED88334FF88}"
EndProject
Project("{FAE04EC0-301F-11D3-BF4B-00C04F79EFBC}") = "SONEPAR.PORTALADMINISTRADOR.WEB.VIEWMODEL", "SONEPAR.PORTALADMINISTRADOR.WEB.VIEWMODEL\SONEPAR.PORTALADMINISTRADOR.WEB.VIEWMODEL.csproj", "{30F6D852-5332-4DAC-86E3-10954BE99FB1}"
EndProject
Project("{FAE04EC0-301F-11D3-BF4B-00C04F79EFBC}") = "SONEPAR.PORTALADMINISTRADOR.WEB.HELPER", "SONEPAR.PORTALADMINISTRADOR.WEB.HELPER\SONEPAR.PORTALADMINISTRADOR.WEB.HELPER.csproj", "{105061C3-3586-47F4-A737-D47E9CDD0F58}"
EndProject
Project("{FAE04EC0-301F-11D3-BF4B-00C04F79EFBC}") = "SONEPAR.PORTALADMINISTRADOR.WEB.EXCEPTION", "SONEPAR.PORTALADMINISTRADOR.WEB.EXCEPTION\SONEPAR.PORTALADMINISTRADOR.WEB.EXCEPTION.csproj", "{1D022DFA-AD2C-4A13-AB22-9C89678A0FF1}"
EndProject
Project("{FAE04EC0-301F-11D3-BF4B-00C04F79EFBC}") = "SONEPAR.PORTALADMINISTRADOR.WEB.LOGIC", "SONEPAR.PORTALADMINISTRADOR.WEB.LOGIC\SONEPAR.PORTALADMINISTRADOR.WEB.LOGIC.csproj", "{1CFEFBC0-C3DC-41FF-AD75-65C694266AD6}"
EndProject
Global
	GlobalSection(SolutionConfigurationPlatforms) = preSolution
		Debug|Any CPU = Debug|Any CPU
		Debug|x64 = Debug|x64
		Release|Any CPU = Release|Any CPU
		Release|x64 = Release|x64
	EndGlobalSection
	GlobalSection(ProjectConfigurationPlatforms) = postSolution
		{09B38E53-F581-43AB-A415-17AE720814E5}.Debug|Any CPU.ActiveCfg = Debug|Any CPU
		{09B38E53-F581-43AB-A415-17AE720814E5}.Debug|Any CPU.Build.0 = Debug|Any CPU
		{09B38E53-F581-43AB-A415-17AE720814E5}.Debug|x64.ActiveCfg = Debug|x64
		{09B38E53-F581-43AB-A415-17AE720814E5}.Debug|x64.Build.0 = Debug|x64
		{09B38E53-F581-43AB-A415-17AE720814E5}.Release|Any CPU.ActiveCfg = Release|Any CPU
		{09B38E53-F581-43AB-A415-17AE720814E5}.Release|Any CPU.Build.0 = Release|Any CPU
		{09B38E53-F581-43AB-A415-17AE720814E5}.Release|x64.ActiveCfg = Release|x64
		{09B38E53-F581-43AB-A415-17AE720814E5}.Release|x64.Build.0 = Release|x64
		{7625219E-48B1-4C83-B215-19FE95577F7D}.Debug|Any CPU.ActiveCfg = Debug|Any CPU
		{7625219E-48B1-4C83-B215-19FE95577F7D}.Debug|Any CPU.Build.0 = Debug|Any CPU
		{7625219E-48B1-4C83-B215-19FE95577F7D}.Debug|x64.ActiveCfg = Debug|x64
		{7625219E-48B1-4C83-B215-19FE95577F7D}.Debug|x64.Build.0 = Debug|x64
		{7625219E-48B1-4C83-B215-19FE95577F7D}.Release|Any CPU.ActiveCfg = Release|Any CPU
		{7625219E-48B1-4C83-B215-19FE95577F7D}.Release|Any CPU.Build.0 = Release|Any CPU
		{7625219E-48B1-4C83-B215-19FE95577F7D}.Release|x64.ActiveCfg = Release|x64
		{7625219E-48B1-4C83-B215-19FE95577F7D}.Release|x64.Build.0 = Release|x64
		{E0DB3BD3-E166-49C0-98C9-FED88334FF88}.Debug|Any CPU.ActiveCfg = Debug|Any CPU
		{E0DB3BD3-E166-49C0-98C9-FED88334FF88}.Debug|Any CPU.Build.0 = Debug|Any CPU
		{E0DB3BD3-E166-49C0-98C9-FED88334FF88}.Debug|x64.ActiveCfg = Debug|x64
		{E0DB3BD3-E166-49C0-98C9-FED88334FF88}.Debug|x64.Build.0 = Debug|x64
		{E0DB3BD3-E166-49C0-98C9-FED88334FF88}.Release|Any CPU.ActiveCfg = Release|Any CPU
		{E0DB3BD3-E166-49C0-98C9-FED88334FF88}.Release|Any CPU.Build.0 = Release|Any CPU
		{E0DB3BD3-E166-49C0-98C9-FED88334FF88}.Release|x64.ActiveCfg = Release|x64
		{E0DB3BD3-E166-49C0-98C9-FED88334FF88}.Release|x64.Build.0 = Release|x64
		{30F6D852-5332-4DAC-86E3-10954BE99FB1}.Debug|Any CPU.ActiveCfg = Debug|Any CPU
		{30F6D852-5332-4DAC-86E3-10954BE99FB1}.Debug|Any CPU.Build.0 = Debug|Any CPU
		{30F6D852-5332-4DAC-86E3-10954BE99FB1}.Debug|x64.ActiveCfg = Debug|x64
		{30F6D852-5332-4DAC-86E3-10954BE99FB1}.Debug|x64.Build.0 = Debug|x64
		{30F6D852-5332-4DAC-86E3-10954BE99FB1}.Release|Any CPU.ActiveCfg = Release|Any CPU
		{30F6D852-5332-4DAC-86E3-10954BE99FB1}.Release|Any CPU.Build.0 = Release|Any CPU
		{30F6D852-5332-4DAC-86E3-10954BE99FB1}.Release|x64.ActiveCfg = Release|x64
		{30F6D852-5332-4DAC-86E3-10954BE99FB1}.Release|x64.Build.0 = Release|x64
		{105061C3-3586-47F4-A737-D47E9CDD0F58}.Debug|Any CPU.ActiveCfg = Debug|Any CPU
		{105061C3-3586-47F4-A737-D47E9CDD0F58}.Debug|Any CPU.Build.0 = Debug|Any CPU
		{105061C3-3586-47F4-A737-D47E9CDD0F58}.Debug|x64.ActiveCfg = Debug|x64
		{105061C3-3586-47F4-A737-D47E9CDD0F58}.Debug|x64.Build.0 = Debug|x64
		{105061C3-3586-47F4-A737-D47E9CDD0F58}.Release|Any CPU.ActiveCfg = Release|Any CPU
		{105061C3-3586-47F4-A737-D47E9CDD0F58}.Release|Any CPU.Build.0 = Release|Any CPU
		{105061C3-3586-47F4-A737-D47E9CDD0F58}.Release|x64.ActiveCfg = Release|x64
		{105061C3-3586-47F4-A737-D47E9CDD0F58}.Release|x64.Build.0 = Release|x64
		{1D022DFA-AD2C-4A13-AB22-9C89678A0FF1}.Debug|Any CPU.ActiveCfg = Debug|Any CPU
		{1D022DFA-AD2C-4A13-AB22-9C89678A0FF1}.Debug|Any CPU.Build.0 = Debug|Any CPU
		{1D022DFA-AD2C-4A13-AB22-9C89678A0FF1}.Debug|x64.ActiveCfg = Debug|x64
		{1D022DFA-AD2C-4A13-AB22-9C89678A0FF1}.Debug|x64.Build.0 = Debug|x64
		{1D022DFA-AD2C-4A13-AB22-9C89678A0FF1}.Release|Any CPU.ActiveCfg = Release|Any CPU
		{1D022DFA-AD2C-4A13-AB22-9C89678A0FF1}.Release|Any CPU.Build.0 = Release|Any CPU
		{1D022DFA-AD2C-4A13-AB22-9C89678A0FF1}.Release|x64.ActiveCfg = Release|x64
		{1D022DFA-AD2C-4A13-AB22-9C89678A0FF1}.Release|x64.Build.0 = Release|x64
		{1CFEFBC0-C3DC-41FF-AD75-65C694266AD6}.Debug|Any CPU.ActiveCfg = Debug|Any CPU
		{1CFEFBC0-C3DC-41FF-AD75-65C694266AD6}.Debug|Any CPU.Build.0 = Debug|Any CPU
		{1CFEFBC0-C3DC-41FF-AD75-65C694266AD6}.Debug|x64.ActiveCfg = Debug|x64
		{1CFEFBC0-C3DC-41FF-AD75-65C694266AD6}.Debug|x64.Build.0 = Debug|x64
		{1CFEFBC0-C3DC-41FF-AD75-65C694266AD6}.Release|Any CPU.ActiveCfg = Release|Any CPU
		{1CFEFBC0-C3DC-41FF-AD75-65C694266AD6}.Release|Any CPU.Build.0 = Release|Any CPU
		{1CFEFBC0-C3DC-41FF-AD75-65C694266AD6}.Release|x64.ActiveCfg = Release|x64
		{1CFEFBC0-C3DC-41FF-AD75-65C694266AD6}.Release|x64.Build.0 = Release|x64
	EndGlobalSection
	GlobalSection(SolutionProperties) = preSolution
		HideSolutionNode = FALSE
	EndGlobalSection
	GlobalSection(ExtensibilityGlobals) = postSolution
		SolutionGuid = {B830C161-E717-4271-9DE3-4BD21B6E3264}
	EndGlobalSection
EndGlobal
